
Microsoft Visual Studio Solution File, Format Version 12.00
# Visual Studio Version 17
VisualStudioVersion = 17.9.34728.123
MinimumVisualStudioVersion = 10.0.40219.1
Project("{8BC9CEB8-8B4A-11D0-8D11-00A0C91BC942}") = "0520_prac", "0520_prac\0520_prac.vcxproj", "{B52D8FD0-028A-462F-8FB5-A2234C0EEE32}"
EndProject
Global
	GlobalSection(SolutionConfigurationPlatforms) = preSolution
		Debug|x64 = Debug|x64
		Debug|x86 = Debug|x86
		Release|x64 = Release|x64
		Release|x86 = Release|x86
	EndGlobalSection
	GlobalSection(ProjectConfigurationPlatforms) = postSolution
		{B52D8FD0-028A-462F-8FB5-A2234C0EEE32}.Debug|x64.ActiveCfg = Debug|x64
		{B52D8FD0-028A-462F-8FB5-A2234C0EEE32}.Debug|x64.Build.0 = Debug|x64
		{B52D8FD0-028A-462F-8FB5-A2234C0EEE32}.Debug|x86.ActiveCfg = Debug|Win32
		{B52D8FD0-028A-462F-8FB5-A2234C0EEE32}.Debug|x86.Build.0 = Debug|Win32
		{B52D8FD0-028A-462F-8FB5-A2234C0EEE32}.Release|x64.ActiveCfg = Release|x64
		{B52D8FD0-028A-462F-8FB5-A2234C0EEE32}.Release|x64.Build.0 = Release|x64
		{B52D8FD0-028A-462F-8FB5-A2234C0EEE32}.Release|x86.ActiveCfg = Release|Win32
		{B52D8FD0-028A-462F-8FB5-A2234C0EEE32}.Release|x86.Build.0 = Release|Win32
	EndGlobalSection
	GlobalSection(SolutionProperties) = preSolution
		HideSolutionNode = FALSE
	EndGlobalSection
	GlobalSection(ExtensibilityGlobals) = postSolution
		SolutionGuid = {CF098D96-B151-43E3-886A-6668097D4855}
	EndGlobalSection
EndGlobal
